// !$*UTF8*$!
{
	archiveVersion = 1;
	classes = {
	};
	objectVersion = 55;
	objects = {

/* Begin PBXBuildFile section */
		DF070C2E2829158400D36B1D /* MenuItemDetailVC.swift in Sources */ = {isa = PBXBuildFile; fileRef = DF070C2D2829158400D36B1D /* MenuItemDetailVC.swift */; };
		DF070C31282917F900D36B1D /* MenuItem.swift in Sources */ = {isa = PBXBuildFile; fileRef = DF070C30282917F900D36B1D /* MenuItem.swift */; };
		DF070C332829190E00D36B1D /* IntermediaryModels.swift in Sources */ = {isa = PBXBuildFile; fileRef = DF070C322829190E00D36B1D /* IntermediaryModels.swift */; };
		DF070C35282919B900D36B1D /* Order.swift in Sources */ = {isa = PBXBuildFile; fileRef = DF070C34282919B900D36B1D /* Order.swift */; };
		DF070C37282A62DB00D36B1D /* MenuController.swift in Sources */ = {isa = PBXBuildFile; fileRef = DF070C36282A62DB00D36B1D /* MenuController.swift */; };
		DF070C39282F725300D36B1D /* KeyProperties.swift in Sources */ = {isa = PBXBuildFile; fileRef = DF070C38282F725300D36B1D /* KeyProperties.swift */; };
		DFF082F528290CEA00D5C8EE /* AppDelegate.swift in Sources */ = {isa = PBXBuildFile; fileRef = DFF082F428290CEA00D5C8EE /* AppDelegate.swift */; };
		DFF082F728290CEA00D5C8EE /* SceneDelegate.swift in Sources */ = {isa = PBXBuildFile; fileRef = DFF082F628290CEA00D5C8EE /* SceneDelegate.swift */; };
		DFF082FC28290CEA00D5C8EE /* Main.storyboard in Resources */ = {isa = PBXBuildFile; fileRef = DFF082FA28290CEA00D5C8EE /* Main.storyboard */; };
		DFF082FE28290CED00D5C8EE /* Assets.xcassets in Resources */ = {isa = PBXBuildFile; fileRef = DFF082FD28290CED00D5C8EE /* Assets.xcassets */; };
		DFF0830128290CED00D5C8EE /* LaunchScreen.storyboard in Resources */ = {isa = PBXBuildFile; fileRef = DFF082FF28290CED00D5C8EE /* LaunchScreen.storyboard */; };
		DFF0830A2829133D00D5C8EE /* CategoryTableVC.swift in Sources */ = {isa = PBXBuildFile; fileRef = DFF083092829133D00D5C8EE /* CategoryTableVC.swift */; };
		DFF0830C2829136C00D5C8EE /* MenuTableVC.swift in Sources */ = {isa = PBXBuildFile; fileRef = DFF0830B2829136C00D5C8EE /* MenuTableVC.swift */; };
		DFF0830E2829138100D5C8EE /* OrderTableVC.swift in Sources */ = {isa = PBXBuildFile; fileRef = DFF0830D2829138100D5C8EE /* OrderTableVC.swift */; };
/* End PBXBuildFile section */

/* Begin PBXFileReference section */
		DF070C2D2829158400D36B1D /* MenuItemDetailVC.swift */ = {isa = PBXFileReference; lastKnownFileType = sourcecode.swift; path = MenuItemDetailVC.swift; sourceTree = "<group>"; };
		DF070C30282917F900D36B1D /* MenuItem.swift */ = {isa = PBXFileReference; lastKnownFileType = sourcecode.swift; path = MenuItem.swift; sourceTree = "<group>"; };
		DF070C322829190E00D36B1D /* IntermediaryModels.swift */ = {isa = PBXFileReference; lastKnownFileType = sourcecode.swift; path = IntermediaryModels.swift; sourceTree = "<group>"; };
		DF070C34282919B900D36B1D /* Order.swift */ = {isa = PBXFileReference; lastKnownFileType = sourcecode.swift; path = Order.swift; sourceTree = "<group>"; };
		DF070C36282A62DB00D36B1D /* MenuController.swift */ = {isa = PBXFileReference; lastKnownFileType = sourcecode.swift; path = MenuController.swift; sourceTree = "<group>"; };
		DF070C38282F725300D36B1D /* KeyProperties.swift */ = {isa = PBXFileReference; lastKnownFileType = sourcecode.swift; path = KeyProperties.swift; sourceTree = "<group>"; };
		DFF082F128290CEA00D5C8EE /* Restaurant-Assignment.app */ = {isa = PBXFileReference; explicitFileType = wrapper.application; includeInIndex = 0; path = "Restaurant-Assignment.app"; sourceTree = BUILT_PRODUCTS_DIR; };
		DFF082F428290CEA00D5C8EE /* AppDelegate.swift */ = {isa = PBXFileReference; lastKnownFileType = sourcecode.swift; path = AppDelegate.swift; sourceTree = "<group>"; };
		DFF082F628290CEA00D5C8EE /* SceneDelegate.swift */ = {isa = PBXFileReference; lastKnownFileType = sourcecode.swift; path = SceneDelegate.swift; sourceTree = "<group>"; };
		DFF082FB28290CEA00D5C8EE /* Base */ = {isa = PBXFileReference; lastKnownFileType = file.storyboard; name = Base; path = Base.lproj/Main.storyboard; sourceTree = "<group>"; };
		DFF082FD28290CED00D5C8EE /* Assets.xcassets */ = {isa = PBXFileReference; lastKnownFileType = folder.assetcatalog; path = Assets.xcassets; sourceTree = "<group>"; };
		DFF0830028290CED00D5C8EE /* Base */ = {isa = PBXFileReference; lastKnownFileType = file.storyboard; name = Base; path = Base.lproj/LaunchScreen.storyboard; sourceTree = "<group>"; };
		DFF0830228290CED00D5C8EE /* Info.plist */ = {isa = PBXFileReference; lastKnownFileType = text.plist.xml; path = Info.plist; sourceTree = "<group>"; };
		DFF083092829133D00D5C8EE /* CategoryTableVC.swift */ = {isa = PBXFileReference; lastKnownFileType = sourcecode.swift; path = CategoryTableVC.swift; sourceTree = "<group>"; };
		DFF0830B2829136C00D5C8EE /* MenuTableVC.swift */ = {isa = PBXFileReference; lastKnownFileType = sourcecode.swift; path = MenuTableVC.swift; sourceTree = "<group>"; };
		DFF0830D2829138100D5C8EE /* OrderTableVC.swift */ = {isa = PBXFileReference; lastKnownFileType = sourcecode.swift; path = OrderTableVC.swift; sourceTree = "<group>"; };
/* End PBXFileReference section */

/* Begin PBXFrameworksBuildPhase section */
		DFF082EE28290CEA00D5C8EE /* Frameworks */ = {
			isa = PBXFrameworksBuildPhase;
			buildActionMask = 2147483647;
			files = (
			);
			runOnlyForDeploymentPostprocessing = 0;
		};
/* End PBXFrameworksBuildPhase section */

/* Begin PBXGroup section */
		DF070C2F2829160A00D36B1D /* Models */ = {
			isa = PBXGroup;
			children = (
				DF070C30282917F900D36B1D /* MenuItem.swift */,
				DF070C34282919B900D36B1D /* Order.swift */,
				DF070C322829190E00D36B1D /* IntermediaryModels.swift */,
			);
			path = Models;
			sourceTree = "<group>";
		};
		DFF082E828290CEA00D5C8EE = {
			isa = PBXGroup;
			children = (
				DFF082F328290CEA00D5C8EE /* Restaurant-Assignment */,
				DFF082F228290CEA00D5C8EE /* Products */,
			);
			sourceTree = "<group>";
		};
		DFF082F228290CEA00D5C8EE /* Products */ = {
			isa = PBXGroup;
			children = (
				DFF082F128290CEA00D5C8EE /* Restaurant-Assignment.app */,
			);
			name = Products;
			sourceTree = "<group>";
		};
		DFF082F328290CEA00D5C8EE /* Restaurant-Assignment */ = {
			isa = PBXGroup;
			children = (
				DFF082F428290CEA00D5C8EE /* AppDelegate.swift */,
				DFF082F628290CEA00D5C8EE /* SceneDelegate.swift */,
				DF070C2F2829160A00D36B1D /* Models */,
				DFF083082829131900D5C8EE /* Controllers */,
				DFF082FA28290CEA00D5C8EE /* Main.storyboard */,
				DFF082FD28290CED00D5C8EE /* Assets.xcassets */,
				DFF082FF28290CED00D5C8EE /* LaunchScreen.storyboard */,
				DFF0830228290CED00D5C8EE /* Info.plist */,
				DF070C38282F725300D36B1D /* KeyProperties.swift */,
			);
			path = "Restaurant-Assignment";
			sourceTree = "<group>";
		};
		DFF083082829131900D5C8EE /* Controllers */ = {
			isa = PBXGroup;
			children = (
				DFF083092829133D00D5C8EE /* CategoryTableVC.swift */,
				DFF0830B2829136C00D5C8EE /* MenuTableVC.swift */,
				DF070C2D2829158400D36B1D /* MenuItemDetailVC.swift */,
				DFF0830D2829138100D5C8EE /* OrderTableVC.swift */,
				DF070C36282A62DB00D36B1D /* MenuController.swift */,
			);
			path = Controllers;
			sourceTree = "<group>";
		};
/* End PBXGroup section */

/* Begin PBXNativeTarget section */
		DFF082F028290CEA00D5C8EE /* Restaurant-Assignment */ = {
			isa = PBXNativeTarget;
			buildConfigurationList = DFF0830528290CED00D5C8EE /* Build configuration list for PBXNativeTarget "Restaurant-Assignment" */;
			buildPhases = (
				DFF082ED28290CEA00D5C8EE /* Sources */,
				DFF082EE28290CEA00D5C8EE /* Frameworks */,
				DFF082EF28290CEA00D5C8EE /* Resources */,
			);
			buildRules = (
			);
			dependencies = (
			);
			name = "Restaurant-Assignment";
			productName = "Restaurant-Assignment";
			productReference = DFF082F128290CEA00D5C8EE /* Restaurant-Assignment.app */;
			productType = "com.apple.product-type.application";
		};
/* End PBXNativeTarget section */

/* Begin PBXProject section */
		DFF082E928290CEA00D5C8EE /* Project object */ = {
			isa = PBXProject;
			attributes = {
				BuildIndependentTargetsInParallel = 1;
				LastSwiftUpdateCheck = 1330;
				LastUpgradeCheck = 1330;
				TargetAttributes = {
					DFF082F028290CEA00D5C8EE = {
						CreatedOnToolsVersion = 13.3.1;
					};
				};
			};
			buildConfigurationList = DFF082EC28290CEA00D5C8EE /* Build configuration list for PBXProject "Restaurant-Assignment" */;
			compatibilityVersion = "Xcode 13.0";
			developmentRegion = en;
			hasScannedForEncodings = 0;
			knownRegions = (
				en,
				Base,
			);
			mainGroup = DFF082E828290CEA00D5C8EE;
			productRefGroup = DFF082F228290CEA00D5C8EE /* Products */;
			projectDirPath = "";
			projectRoot = "";
			targets = (
				DFF082F028290CEA00D5C8EE /* Restaurant-Assignment */,
			);
		};
/* End PBXProject section */

/* Begin PBXResourcesBuildPhase section */
		DFF082EF28290CEA00D5C8EE /* Resources */ = {
			isa = PBXResourcesBuildPhase;
			buildActionMask = 2147483647;
			files = (
				DFF0830128290CED00D5C8EE /* LaunchScreen.storyboard in Resources */,
				DFF082FE28290CED00D5C8EE /* Assets.xcassets in Resources */,
				DFF082FC28290CEA00D5C8EE /* Main.storyboard in Resources */,
			);
			runOnlyForDeploymentPostprocessing = 0;
		};
/* End PBXResourcesBuildPhase section */

/* Begin PBXSourcesBuildPhase section */
		DFF082ED28290CEA00D5C8EE /* Sources */ = {
			isa = PBXSourcesBuildPhase;
			buildActionMask = 2147483647;
			files = (
				DF070C37282A62DB00D36B1D /* MenuController.swift in Sources */,
				DF070C31282917F900D36B1D /* MenuItem.swift in Sources */,
				DFF0830E2829138100D5C8EE /* OrderTableVC.swift in Sources */,
				DFF082F528290CEA00D5C8EE /* AppDelegate.swift in Sources */,
				DF070C39282F725300D36B1D /* KeyProperties.swift in Sources */,
				DF070C35282919B900D36B1D /* Order.swift in Sources */,
				DFF082F728290CEA00D5C8EE /* SceneDelegate.swift in Sources */,
				DF070C332829190E00D36B1D /* IntermediaryModels.swift in Sources */,
				DF070C2E2829158400D36B1D /* MenuItemDetailVC.swift in Sources */,
				DFF0830C2829136C00D5C8EE /* MenuTableVC.swift in Sources */,
				DFF0830A2829133D00D5C8EE /* CategoryTableVC.swift in Sources */,
			);
			runOnlyForDeploymentPostprocessing = 0;
		};
/* End PBXSourcesBuildPhase section */

/* Begin PBXVariantGroup section */
		DFF082FA28290CEA00D5C8EE /* Main.storyboard */ = {
			isa = PBXVariantGroup;
			children = (
				DFF082FB28290CEA00D5C8EE /* Base */,
			);
			name = Main.storyboard;
			sourceTree = "<group>";
		};
		DFF082FF28290CED00D5C8EE /* LaunchScreen.storyboard */ = {
			isa = PBXVariantGroup;
			children = (
				DFF0830028290CED00D5C8EE /* Base */,
			);
			name = LaunchScreen.storyboard;
			sourceTree = "<group>";
		};
/* End PBXVariantGroup section */

/* Begin XCBuildConfiguration section */
		DFF0830328290CED00D5C8EE /* Debug */ = {
			isa = XCBuildConfiguration;
			buildSettings = {
				ALWAYS_SEARCH_USER_PATHS = NO;
				CLANG_ANALYZER_NONNULL = YES;
				CLANG_ANALYZER_NUMBER_OBJECT_CONVERSION = YES_AGGRESSIVE;
				CLANG_CXX_LANGUAGE_STANDARD = "gnu++17";
				CLANG_ENABLE_MODULES = YES;
				CLANG_ENABLE_OBJC_ARC = YES;
				CLANG_ENABLE_OBJC_WEAK = YES;
				CLANG_WARN_BLOCK_CAPTURE_AUTORELEASING = YES;
				CLANG_WARN_BOOL_CONVERSION = YES;
				CLANG_WARN_COMMA = YES;
				CLANG_WARN_CONSTANT_CONVERSION = YES;
				CLANG_WARN_DEPRECATED_OBJC_IMPLEMENTATIONS = YES;
				CLANG_WARN_DIRECT_OBJC_ISA_USAGE = YES_ERROR;
				CLANG_WARN_DOCUMENTATION_COMMENTS = YES;
				CLANG_WARN_EMPTY_BODY = YES;
				CLANG_WARN_ENUM_CONVERSION = YES;
				CLANG_WARN_INFINITE_RECURSION = YES;
				CLANG_WARN_INT_CONVERSION = YES;
				CLANG_WARN_NON_LITERAL_NULL_CONVERSION = YES;
				CLANG_WARN_OBJC_IMPLICIT_RETAIN_SELF = YES;
				CLANG_WARN_OBJC_LITERAL_CONVERSION = YES;
				CLANG_WARN_OBJC_ROOT_CLASS = YES_ERROR;
				CLANG_WARN_QUOTED_INCLUDE_IN_FRAMEWORK_HEADER = YES;
				CLANG_WARN_RANGE_LOOP_ANALYSIS = YES;
				CLANG_WARN_STRICT_PROTOTYPES = YES;
				CLANG_WARN_SUSPICIOUS_MOVE = YES;
				CLANG_WARN_UNGUARDED_AVAILABILITY = YES_AGGRESSIVE;
				CLANG_WARN_UNREACHABLE_CODE = YES;
				CLANG_WARN__DUPLICATE_METHOD_MATCH = YES;
				COPY_PHASE_STRIP = NO;
				DEBUG_INFORMATION_FORMAT = dwarf;
				ENABLE_STRICT_OBJC_MSGSEND = YES;
				ENABLE_TESTABILITY = YES;
				GCC_C_LANGUAGE_STANDARD = gnu11;
				GCC_DYNAMIC_NO_PIC = NO;
				GCC_NO_COMMON_BLOCKS = YES;
				GCC_OPTIMIZATION_LEVEL = 0;
				GCC_PREPROCESSOR_DEFINITIONS = (
					"DEBUG=1",
					"$(inherited)",
				);
				GCC_WARN_64_TO_32_BIT_CONVERSION = YES;
				GCC_WARN_ABOUT_RETURN_TYPE = YES_ERROR;
				GCC_WARN_UNDECLARED_SELECTOR = YES;
				GCC_WARN_UNINITIALIZED_AUTOS = YES_AGGRESSIVE;
				GCC_WARN_UNUSED_FUNCTION = YES;
				GCC_WARN_UNUSED_VARIABLE = YES;
				IPHONEOS_DEPLOYMENT_TARGET = 15.4;
				MTL_ENABLE_DEBUG_INFO = INCLUDE_SOURCE;
				MTL_FAST_MATH = YES;
				ONLY_ACTIVE_ARCH = YES;
				SDKROOT = iphoneos;
				SWIFT_ACTIVE_COMPILATION_CONDITIONS = DEBUG;
				SWIFT_OPTIMIZATION_LEVEL = "-Onone";
			};
			name = Debug;
		};
		DFF0830428290CED00D5C8EE /* Release */ = {
			isa = XCBuildConfiguration;
			buildSettings = {
				ALWAYS_SEARCH_USER_PATHS = NO;
				CLANG_ANALYZER_NONNULL = YES;
				CLANG_ANALYZER_NUMBER_OBJECT_CONVERSION = YES_AGGRESSIVE;
				CLANG_CXX_LANGUAGE_STANDARD = "gnu++17";
				CLANG_ENABLE_MODULES = YES;
				CLANG_ENABLE_OBJC_ARC = YES;
				CLANG_ENABLE_OBJC_WEAK = YES;
				CLANG_WARN_BLOCK_CAPTURE_AUTORELEASING = YES;
				CLANG_WARN_BOOL_CONVERSION = YES;
				CLANG_WARN_COMMA = YES;
				CLANG_WARN_CONSTANT_CONVERSION = YES;
				CLANG_WARN_DEPRECATED_OBJC_IMPLEMENTATIONS = YES;
				CLANG_WARN_DIRECT_OBJC_ISA_USAGE = YES_ERROR;
				CLANG_WARN_DOCUMENTATION_COMMENTS = YES;
				CLANG_WARN_EMPTY_BODY = YES;
				CLANG_WARN_ENUM_CONVERSION = YES;
				CLANG_WARN_INFINITE_RECURSION = YES;
				CLANG_WARN_INT_CONVERSION = YES;
				CLANG_WARN_NON_LITERAL_NULL_CONVERSION = YES;
				CLANG_WARN_OBJC_IMPLICIT_RETAIN_SELF = YES;
				CLANG_WARN_OBJC_LITERAL_CONVERSION = YES;
				CLANG_WARN_OBJC_ROOT_CLASS = YES_ERROR;
				CLANG_WARN_QUOTED_INCLUDE_IN_FRAMEWORK_HEADER = YES;
				CLANG_WARN_RANGE_LOOP_ANALYSIS = YES;
				CLANG_WARN_STRICT_PROTOTYPES = YES;
				CLANG_WARN_SUSPICIOUS_MOVE = YES;
				CLANG_WARN_UNGUARDED_AVAILABILITY = YES_AGGRESSIVE;
				CLANG_WARN_UNREACHABLE_CODE = YES;
				CLANG_WARN__DUPLICATE_METHOD_MATCH = YES;
				COPY_PHASE_STRIP = NO;
				DEBUG_INFORMATION_FORMAT = "dwarf-with-dsym";
				ENABLE_NS_ASSERTIONS = NO;
				ENABLE_STRICT_OBJC_MSGSEND = YES;
				GCC_C_LANGUAGE_STANDARD = gnu11;
				GCC_NO_COMMON_BLOCKS = YES;
				GCC_WARN_64_TO_32_BIT_CONVERSION = YES;
				GCC_WARN_ABOUT_RETURN_TYPE = YES_ERROR;
				GCC_WARN_UNDECLARED_SELECTOR = YES;
				GCC_WARN_UNINITIALIZED_AUTOS = YES_AGGRESSIVE;
				GCC_WARN_UNUSED_FUNCTION = YES;
				GCC_WARN_UNUSED_VARIABLE = YES;
				IPHONEOS_DEPLOYMENT_TARGET = 15.4;
				MTL_ENABLE_DEBUG_INFO = NO;
				MTL_FAST_MATH = YES;
				SDKROOT = iphoneos;
				SWIFT_COMPILATION_MODE = wholemodule;
				SWIFT_OPTIMIZATION_LEVEL = "-O";
				VALIDATE_PRODUCT = YES;
			};
			name = Release;
		};
		DFF0830628290CED00D5C8EE /* Debug */ = {
			isa = XCBuildConfiguration;
			buildSettings = {
				ASSETCATALOG_COMPILER_APPICON_NAME = AppIcon;
				ASSETCATALOG_COMPILER_GLOBAL_ACCENT_COLOR_NAME = AccentColor;
				CODE_SIGN_STYLE = Automatic;
				CURRENT_PROJECT_VERSION = 1;
				DEVELOPMENT_TEAM = ZY9DNBTZ6S;
				GENERATE_INFOPLIST_FILE = YES;
				INFOPLIST_FILE = "Restaurant-Assignment/Info.plist";
				INFOPLIST_KEY_UIApplicationSupportsIndirectInputEvents = YES;
				INFOPLIST_KEY_UILaunchStoryboardName = LaunchScreen;
				INFOPLIST_KEY_UIMainStoryboardFile = Main;
				INFOPLIST_KEY_UISupportedInterfaceOrientations_iPad = "UIInterfaceOrientationPortrait UIInterfaceOrientationPortraitUpsideDown UIInterfaceOrientationLandscapeLeft UIInterfaceOrientationLandscapeRight";
				INFOPLIST_KEY_UISupportedInterfaceOrientations_iPhone = "UIInterfaceOrientationPortrait UIInterfaceOrientationLandscapeLeft UIInterfaceOrientationLandscapeRight";
				IPHONEOS_DEPLOYMENT_TARGET = 15.4;
				LD_RUNPATH_SEARCH_PATHS = (
					"$(inherited)",
					"@executable_path/Frameworks",
				);
				MARKETING_VERSION = 1.0;
				PRODUCT_BUNDLE_IDENTIFIER = "com.jadson.Restaurant-Assignment";
				PRODUCT_NAME = "$(TARGET_NAME)";
				SWIFT_EMIT_LOC_STRINGS = YES;
				SWIFT_VERSION = 5.0;
				TARGETED_DEVICE_FAMILY = "1,2";
			};
			name = Debug;
		};
		DFF0830728290CED00D5C8EE /* Release */ = {
			isa = XCBuildConfiguration;
			buildSettings = {
				ASSETCATALOG_COMPILER_APPICON_NAME = AppIcon;
				ASSETCATALOG_COMPILER_GLOBAL_ACCENT_COLOR_NAME = AccentColor;
				CODE_SIGN_STYLE = Automatic;
				CURRENT_PROJECT_VERSION = 1;
				DEVELOPMENT_TEAM = ZY9DNBTZ6S;
				GENERATE_INFOPLIST_FILE = YES;
				INFOPLIST_FILE = "Restaurant-Assignment/Info.plist";
				INFOPLIST_KEY_UIApplicationSupportsIndirectInputEvents = YES;
				INFOPLIST_KEY_UILaunchStoryboardName = LaunchScreen;
				INFOPLIST_KEY_UIMainStoryboardFile = Main;
				INFOPLIST_KEY_UISupportedInterfaceOrientations_iPad = "UIInterfaceOrientationPortrait UIInterfaceOrientationPortraitUpsideDown UIInterfaceOrientationLandscapeLeft UIInterfaceOrientationLandscapeRight";
				INFOPLIST_KEY_UISupportedInterfaceOrientations_iPhone = "UIInterfaceOrientationPortrait UIInterfaceOrientationLandscapeLeft UIInterfaceOrientationLandscapeRight";
				IPHONEOS_DEPLOYMENT_TARGET = 15.4;
				LD_RUNPATH_SEARCH_PATHS = (
					"$(inherited)",
					"@executable_path/Frameworks",
				);
				MARKETING_VERSION = 1.0;
				PRODUCT_BUNDLE_IDENTIFIER = "com.jadson.Restaurant-Assignment";
				PRODUCT_NAME = "$(TARGET_NAME)";
				SWIFT_EMIT_LOC_STRINGS = YES;
				SWIFT_VERSION = 5.0;
				TARGETED_DEVICE_FAMILY = "1,2";
			};
			name = Release;
		};
/* End XCBuildConfiguration section */

/* Begin XCConfigurationList section */
		DFF082EC28290CEA00D5C8EE /* Build configuration list for PBXProject "Restaurant-Assignment" */ = {
			isa = XCConfigurationList;
			buildConfigurations = (
				DFF0830328290CED00D5C8EE /* Debug */,
				DFF0830428290CED00D5C8EE /* Release */,
			);
			defaultConfigurationIsVisible = 0;
			defaultConfigurationName = Release;
		};
		DFF0830528290CED00D5C8EE /* Build configuration list for PBXNativeTarget "Restaurant-Assignment" */ = {
			isa = XCConfigurationList;
			buildConfigurations = (
				DFF0830628290CED00D5C8EE /* Debug */,
				DFF0830728290CED00D5C8EE /* Release */,
			);
			defaultConfigurationIsVisible = 0;
			defaultConfigurationName = Release;
		};
/* End XCConfigurationList section */
	};
	rootObject = DFF082E928290CEA00D5C8EE /* Project object */;
}
